
Microsoft Visual Studio Solution File, Format Version 12.00
# Visual Studio 2013
VisualStudioVersion = 12.0.30723.0
MinimumVisualStudioVersion = 10.0.40219.1
Project("{FAE04EC0-301F-11D3-BF4B-00C04F79EFBC}") = "AspNetDataHandler", "AspNetDataHandler.csproj", "{558E7B1E-5244-42E7-970B-193B805C3E16}"
EndProject
Project("{00D1A9C2-B5F0-4AF3-8072-F6C62B433612}") = "Database", "Database\Database.sqlproj", "{66BD50F8-B8C7-4A5D-BEA7-91733EDEACD8}"
EndProject
Global
	GlobalSection(SolutionConfigurationPlatforms) = preSolution
		Debug|Any CPU = Debug|Any CPU
		Release|Any CPU = Release|Any CPU
	EndGlobalSection
	GlobalSection(ProjectConfigurationPlatforms) = postSolution
		{558E7B1E-5244-42E7-970B-193B805C3E16}.Debug|Any CPU.ActiveCfg = Debug|Any CPU
		{558E7B1E-5244-42E7-970B-193B805C3E16}.Debug|Any CPU.Build.0 = Debug|Any CPU
		{558E7B1E-5244-42E7-970B-193B805C3E16}.Release|Any CPU.ActiveCfg = Release|Any CPU
		{558E7B1E-5244-42E7-970B-193B805C3E16}.Release|Any CPU.Build.0 = Release|Any CPU
		{66BD50F8-B8C7-4A5D-BEA7-91733EDEACD8}.Debug|Any CPU.ActiveCfg = Debug|Any CPU
		{66BD50F8-B8C7-4A5D-BEA7-91733EDEACD8}.Debug|Any CPU.Build.0 = Debug|Any CPU
		{66BD50F8-B8C7-4A5D-BEA7-91733EDEACD8}.Debug|Any CPU.Deploy.0 = Debug|Any CPU
		{66BD50F8-B8C7-4A5D-BEA7-91733EDEACD8}.Release|Any CPU.ActiveCfg = Release|Any CPU
		{66BD50F8-B8C7-4A5D-BEA7-91733EDEACD8}.Release|Any CPU.Build.0 = Release|Any CPU
		{66BD50F8-B8C7-4A5D-BEA7-91733EDEACD8}.Release|Any CPU.Deploy.0 = Release|Any CPU
	EndGlobalSection
	GlobalSection(SolutionProperties) = preSolution
		HideSolutionNode = FALSE
	EndGlobalSection
EndGlobal
